// !$*UTF8*$!
{
	archiveVersion = 1;
	classes = {
	};
	objectVersion = 46;
	objects = {

/* Begin PBXBuildFile section */
		850AC3B51C2AE00500DA3469 /* AppDelegate.swift in Sources */ = {isa = PBXBuildFile; fileRef = 850AC3B41C2AE00500DA3469 /* AppDelegate.swift */; };
		850AC3B71C2AE00500DA3469 /* ViewController.swift in Sources */ = {isa = PBXBuildFile; fileRef = 850AC3B61C2AE00500DA3469 /* ViewController.swift */; };
		850AC3BA1C2AE00500DA3469 /* Main.storyboard in Resources */ = {isa = PBXBuildFile; fileRef = 850AC3B81C2AE00500DA3469 /* Main.storyboard */; };
		850AC3BC1C2AE00500DA3469 /* Assets.xcassets in Resources */ = {isa = PBXBuildFile; fileRef = 850AC3BB1C2AE00500DA3469 /* Assets.xcassets */; };
		850AC3BF1C2AE00500DA3469 /* LaunchScreen.storyboard in Resources */ = {isa = PBXBuildFile; fileRef = 850AC3BD1C2AE00500DA3469 /* LaunchScreen.storyboard */; };
		850AC3CA1C2AE00500DA3469 /* SwiftStudyDailyTests.swift in Sources */ = {isa = PBXBuildFile; fileRef = 850AC3C91C2AE00500DA3469 /* SwiftStudyDailyTests.swift */; };
		850AC3D51C2AE00500DA3469 /* SwiftStudyDailyUITests.swift in Sources */ = {isa = PBXBuildFile; fileRef = 850AC3D41C2AE00500DA3469 /* SwiftStudyDailyUITests.swift */; };
/* End PBXBuildFile section */

/* Begin PBXContainerItemProxy section */
		850AC3C61C2AE00500DA3469 /* PBXContainerItemProxy */ = {
			isa = PBXContainerItemProxy;
			containerPortal = 850AC3A91C2AE00500DA3469 /* Project object */;
			proxyType = 1;
			remoteGlobalIDString = 850AC3B01C2AE00500DA3469;
			remoteInfo = SwiftStudyDaily;
		};
		850AC3D11C2AE00500DA3469 /* PBXContainerItemProxy */ = {
			isa = PBXContainerItemProxy;
			containerPortal = 850AC3A91C2AE00500DA3469 /* Project object */;
			proxyType = 1;
			remoteGlobalIDString = 850AC3B01C2AE00500DA3469;
			remoteInfo = SwiftStudyDaily;
		};
/* End PBXContainerItemProxy section */

/* Begin PBXFileReference section */
		850AC3B11C2AE00500DA3469 /* SwiftStudyDaily.app */ = {isa = PBXFileReference; explicitFileType = wrapper.application; includeInIndex = 0; path = SwiftStudyDaily.app; sourceTree = BUILT_PRODUCTS_DIR; };
		850AC3B41C2AE00500DA3469 /* AppDelegate.swift */ = {isa = PBXFileReference; lastKnownFileType = sourcecode.swift; path = AppDelegate.swift; sourceTree = "<group>"; };
		850AC3B61C2AE00500DA3469 /* ViewController.swift */ = {isa = PBXFileReference; lastKnownFileType = sourcecode.swift; path = ViewController.swift; sourceTree = "<group>"; };
		850AC3B91C2AE00500DA3469 /* Base */ = {isa = PBXFileReference; lastKnownFileType = file.storyboard; name = Base; path = Base.lproj/Main.storyboard; sourceTree = "<group>"; };
		850AC3BB1C2AE00500DA3469 /* Assets.xcassets */ = {isa = PBXFileReference; lastKnownFileType = folder.assetcatalog; path = Assets.xcassets; sourceTree = "<group>"; };
		850AC3BE1C2AE00500DA3469 /* Base */ = {isa = PBXFileReference; lastKnownFileType = file.storyboard; name = Base; path = Base.lproj/LaunchScreen.storyboard; sourceTree = "<group>"; };
		850AC3C01C2AE00500DA3469 /* Info.plist */ = {isa = PBXFileReference; lastKnownFileType = text.plist.xml; path = Info.plist; sourceTree = "<group>"; };
		850AC3C51C2AE00500DA3469 /* SwiftStudyDailyTests.xctest */ = {isa = PBXFileReference; explicitFileType = wrapper.cfbundle; includeInIndex = 0; path = SwiftStudyDailyTests.xctest; sourceTree = BUILT_PRODUCTS_DIR; };
		850AC3C91C2AE00500DA3469 /* SwiftStudyDailyTests.swift */ = {isa = PBXFileReference; lastKnownFileType = sourcecode.swift; path = SwiftStudyDailyTests.swift; sourceTree = "<group>"; };
		850AC3CB1C2AE00500DA3469 /* Info.plist */ = {isa = PBXFileReference; lastKnownFileType = text.plist.xml; path = Info.plist; sourceTree = "<group>"; };
		850AC3D01C2AE00500DA3469 /* SwiftStudyDailyUITests.xctest */ = {isa = PBXFileReference; explicitFileType = wrapper.cfbundle; includeInIndex = 0; path = SwiftStudyDailyUITests.xctest; sourceTree = BUILT_PRODUCTS_DIR; };
		850AC3D41C2AE00500DA3469 /* SwiftStudyDailyUITests.swift */ = {isa = PBXFileReference; lastKnownFileType = sourcecode.swift; path = SwiftStudyDailyUITests.swift; sourceTree = "<group>"; };
		850AC3D61C2AE00500DA3469 /* Info.plist */ = {isa = PBXFileReference; lastKnownFileType = text.plist.xml; path = Info.plist; sourceTree = "<group>"; };
		851F345E1C414BC100DF242E /* Enumeration.playground */ = {isa = PBXFileReference; lastKnownFileType = file.playground; path = Enumeration.playground; sourceTree = "<group>"; };
		8537949A1C37FF9C009EF381 /* ControlFlow.playground */ = {isa = PBXFileReference; lastKnownFileType = file.playground; name = ControlFlow.playground; path = ../ControlFlow.playground; sourceTree = "<group>"; };
		8537949B1C381D02009EF381 /* func.playground */ = {isa = PBXFileReference; lastKnownFileType = file.playground; path = func.playground; sourceTree = "<group>"; };
		858281521C3C1B8100AD1630 /* Closure.playground */ = {isa = PBXFileReference; lastKnownFileType = file.playground; path = Closure.playground; sourceTree = "<group>"; };
		85B625AE1C4677E200EDB253 /* Class&Struck.playground */ = {isa = PBXFileReference; lastKnownFileType = file.playground; path = "Class&Struck.playground"; sourceTree = "<group>"; };
/* End PBXFileReference section */

/* Begin PBXFrameworksBuildPhase section */
		850AC3AE1C2AE00500DA3469 /* Frameworks */ = {
			isa = PBXFrameworksBuildPhase;
			buildActionMask = 2147483647;
			files = (
			);
			runOnlyForDeploymentPostprocessing = 0;
		};
		850AC3C21C2AE00500DA3469 /* Frameworks */ = {
			isa = PBXFrameworksBuildPhase;
			buildActionMask = 2147483647;
			files = (
			);
			runOnlyForDeploymentPostprocessing = 0;
		};
		850AC3CD1C2AE00500DA3469 /* Frameworks */ = {
			isa = PBXFrameworksBuildPhase;
			buildActionMask = 2147483647;
			files = (
			);
			runOnlyForDeploymentPostprocessing = 0;
		};
/* End PBXFrameworksBuildPhase section */

/* Begin PBXGroup section */
		850AC3A81C2AE00500DA3469 = {
			isa = PBXGroup;
			children = (
				850AC3B31C2AE00500DA3469 /* SwiftStudyDaily */,
				850AC3C81C2AE00500DA3469 /* SwiftStudyDailyTests */,
				850AC3D31C2AE00500DA3469 /* SwiftStudyDailyUITests */,
				850AC3B21C2AE00500DA3469 /* Products */,
			);
			sourceTree = "<group>";
		};
		850AC3B21C2AE00500DA3469 /* Products */ = {
			isa = PBXGroup;
			children = (
				850AC3B11C2AE00500DA3469 /* SwiftStudyDaily.app */,
				850AC3C51C2AE00500DA3469 /* SwiftStudyDailyTests.xctest */,
				850AC3D01C2AE00500DA3469 /* SwiftStudyDailyUITests.xctest */,
			);
			name = Products;
			sourceTree = "<group>";
		};
		850AC3B31C2AE00500DA3469 /* SwiftStudyDaily */ = {
			isa = PBXGroup;
			children = (
				858281521C3C1B8100AD1630 /* Closure.playground */,
				8537949A1C37FF9C009EF381 /* ControlFlow.playground */,
				8537949B1C381D02009EF381 /* func.playground */,
				851F345E1C414BC100DF242E /* Enumeration.playground */,
				85B625AE1C4677E200EDB253 /* Class&Struck.playground */,
				850AC3B41C2AE00500DA3469 /* AppDelegate.swift */,
				850AC3B61C2AE00500DA3469 /* ViewController.swift */,
				850AC3B81C2AE00500DA3469 /* Main.storyboard */,
				850AC3BB1C2AE00500DA3469 /* Assets.xcassets */,
				850AC3BD1C2AE00500DA3469 /* LaunchScreen.storyboard */,
				850AC3C01C2AE00500DA3469 /* Info.plist */,
			);
			path = SwiftStudyDaily;
			sourceTree = "<group>";
		};
		850AC3C81C2AE00500DA3469 /* SwiftStudyDailyTests */ = {
			isa = PBXGroup;
			children = (
				850AC3C91C2AE00500DA3469 /* SwiftStudyDailyTests.swift */,
				850AC3CB1C2AE00500DA3469 /* Info.plist */,
			);
			path = SwiftStudyDailyTests;
			sourceTree = "<group>";
		};
		850AC3D31C2AE00500DA3469 /* SwiftStudyDailyUITests */ = {
			isa = PBXGroup;
			children = (
				850AC3D41C2AE00500DA3469 /* SwiftStudyDailyUITests.swift */,
				850AC3D61C2AE00500DA3469 /* Info.plist */,
			);
			path = SwiftStudyDailyUITests;
			sourceTree = "<group>";
		};
/* End PBXGroup section */

/* Begin PBXNativeTarget section */
		850AC3B01C2AE00500DA3469 /* SwiftStudyDaily */ = {
			isa = PBXNativeTarget;
			buildConfigurationList = 850AC3D91C2AE00500DA3469 /* Build configuration list for PBXNativeTarget "SwiftStudyDaily" */;
			buildPhases = (
				850AC3AD1C2AE00500DA3469 /* Sources */,
				850AC3AE1C2AE00500DA3469 /* Frameworks */,
				850AC3AF1C2AE00500DA3469 /* Resources */,
			);
			buildRules = (
			);
			dependencies = (
			);
			name = SwiftStudyDaily;
			productName = SwiftStudyDaily;
			productReference = 850AC3B11C2AE00500DA3469 /* SwiftStudyDaily.app */;
			productType = "com.apple.product-type.application";
		};
		850AC3C41C2AE00500DA3469 /* SwiftStudyDailyTests */ = {
			isa = PBXNativeTarget;
			buildConfigurationList = 850AC3DC1C2AE00500DA3469 /* Build configuration list for PBXNativeTarget "SwiftStudyDailyTests" */;
			buildPhases = (
				850AC3C11C2AE00500DA3469 /* Sources */,
				850AC3C21C2AE00500DA3469 /* Frameworks */,
				850AC3C31C2AE00500DA3469 /* Resources */,
			);
			buildRules = (
			);
			dependencies = (
				850AC3C71C2AE00500DA3469 /* PBXTargetDependency */,
			);
			name = SwiftStudyDailyTests;
			productName = SwiftStudyDailyTests;
			productReference = 850AC3C51C2AE00500DA3469 /* SwiftStudyDailyTests.xctest */;
			productType = "com.apple.product-type.bundle.unit-test";
		};
		850AC3CF1C2AE00500DA3469 /* SwiftStudyDailyUITests */ = {
			isa = PBXNativeTarget;
			buildConfigurationList = 850AC3DF1C2AE00500DA3469 /* Build configuration list for PBXNativeTarget "SwiftStudyDailyUITests" */;
			buildPhases = (
				850AC3CC1C2AE00500DA3469 /* Sources */,
				850AC3CD1C2AE00500DA3469 /* Frameworks */,
				850AC3CE1C2AE00500DA3469 /* Resources */,
			);
			buildRules = (
			);
			dependencies = (
				850AC3D21C2AE00500DA3469 /* PBXTargetDependency */,
			);
			name = SwiftStudyDailyUITests;
			productName = SwiftStudyDailyUITests;
			productReference = 850AC3D01C2AE00500DA3469 /* SwiftStudyDailyUITests.xctest */;
			productType = "com.apple.product-type.bundle.ui-testing";
		};
/* End PBXNativeTarget section */

/* Begin PBXProject section */
		850AC3A91C2AE00500DA3469 /* Project object */ = {
			isa = PBXProject;
			attributes = {
				LastUpgradeCheck = 0700;
				ORGANIZATIONNAME = "黄少华";
				TargetAttributes = {
					850AC3B01C2AE00500DA3469 = {
						CreatedOnToolsVersion = 7.0;
					};
					850AC3C41C2AE00500DA3469 = {
						CreatedOnToolsVersion = 7.0;
						TestTargetID = 850AC3B01C2AE00500DA3469;
					};
					850AC3CF1C2AE00500DA3469 = {
						CreatedOnToolsVersion = 7.0;
						TestTargetID = 850AC3B01C2AE00500DA3469;
					};
				};
			};
			buildConfigurationList = 850AC3AC1C2AE00500DA3469 /* Build configuration list for PBXProject "SwiftStudyDaily" */;
			compatibilityVersion = "Xcode 3.2";
			developmentRegion = English;
			hasScannedForEncodings = 0;
			knownRegions = (
				en,
				Base,
			);
			mainGroup = 850AC3A81C2AE00500DA3469;
			productRefGroup = 850AC3B21C2AE00500DA3469 /* Products */;
			projectDirPath = "";
			projectRoot = "";
			targets = (
				850AC3B01C2AE00500DA3469 /* SwiftStudyDaily */,
				850AC3C41C2AE00500DA3469 /* SwiftStudyDailyTests */,
				850AC3CF1C2AE00500DA3469 /* SwiftStudyDailyUITests */,
			);
		};
/* End PBXProject section */

/* Begin PBXResourcesBuildPhase section */
		850AC3AF1C2AE00500DA3469 /* Resources */ = {
			isa = PBXResourcesBuildPhase;
			buildActionMask = 2147483647;
			files = (
				850AC3BF1C2AE00500DA3469 /* LaunchScreen.storyboard in Resources */,
				850AC3BC1C2AE00500DA3469 /* Assets.xcassets in Resources */,
				850AC3BA1C2AE00500DA3469 /* Main.storyboard in Resources */,
			);
			runOnlyForDeploymentPostprocessing = 0;
		};
		850AC3C31C2AE00500DA3469 /* Resources */ = {
			isa = PBXResourcesBuildPhase;
			buildActionMask = 2147483647;
			files = (
			);
			runOnlyForDeploymentPostprocessing = 0;
		};
		850AC3CE1C2AE00500DA3469 /* Resources */ = {
			isa = PBXResourcesBuildPhase;
			buildActionMask = 2147483647;
			files = (
			);
			runOnlyForDeploymentPostprocessing = 0;
		};
/* End PBXResourcesBuildPhase section */

/* Begin PBXSourcesBuildPhase section */
		850AC3AD1C2AE00500DA3469 /* Sources */ = {
			isa = PBXSourcesBuildPhase;
			buildActionMask = 2147483647;
			files = (
				850AC3B71C2AE00500DA3469 /* ViewController.swift in Sources */,
				850AC3B51C2AE00500DA3469 /* AppDelegate.swift in Sources */,
			);
			runOnlyForDeploymentPostprocessing = 0;
		};
		850AC3C11C2AE00500DA3469 /* Sources */ = {
			isa = PBXSourcesBuildPhase;
			buildActionMask = 2147483647;
			files = (
				850AC3CA1C2AE00500DA3469 /* SwiftStudyDailyTests.swift in Sources */,
			);
			runOnlyForDeploymentPostprocessing = 0;
		};
		850AC3CC1C2AE00500DA3469 /* Sources */ = {
			isa = PBXSourcesBuildPhase;
			buildActionMask = 2147483647;
			files = (
				850AC3D51C2AE00500DA3469 /* SwiftStudyDailyUITests.swift in Sources */,
			);
			runOnlyForDeploymentPostprocessing = 0;
		};
/* End PBXSourcesBuildPhase section */

/* Begin PBXTargetDependency section */
		850AC3C71C2AE00500DA3469 /* PBXTargetDependency */ = {
			isa = PBXTargetDependency;
			target = 850AC3B01C2AE00500DA3469 /* SwiftStudyDaily */;
			targetProxy = 850AC3C61C2AE00500DA3469 /* PBXContainerItemProxy */;
		};
		850AC3D21C2AE00500DA3469 /* PBXTargetDependency */ = {
			isa = PBXTargetDependency;
			target = 850AC3B01C2AE00500DA3469 /* SwiftStudyDaily */;
			targetProxy = 850AC3D11C2AE00500DA3469 /* PBXContainerItemProxy */;
		};
/* End PBXTargetDependency section */

/* Begin PBXVariantGroup section */
		850AC3B81C2AE00500DA3469 /* Main.storyboard */ = {
			isa = PBXVariantGroup;
			children = (
				850AC3B91C2AE00500DA3469 /* Base */,
			);
			name = Main.storyboard;
			sourceTree = "<group>";
		};
		850AC3BD1C2AE00500DA3469 /* LaunchScreen.storyboard */ = {
			isa = PBXVariantGroup;
			children = (
				850AC3BE1C2AE00500DA3469 /* Base */,
			);
			name = LaunchScreen.storyboard;
			sourceTree = "<group>";
		};
/* End PBXVariantGroup section */

/* Begin XCBuildConfiguration section */
		850AC3D71C2AE00500DA3469 /* Debug */ = {
			isa = XCBuildConfiguration;
			buildSettings = {
				ALWAYS_SEARCH_USER_PATHS = NO;
				CLANG_CXX_LANGUAGE_STANDARD = "gnu++0x";
				CLANG_CXX_LIBRARY = "libc++";
				CLANG_ENABLE_MODULES = YES;
				CLANG_ENABLE_OBJC_ARC = YES;
				CLANG_WARN_BOOL_CONVERSION = YES;
				CLANG_WARN_CONSTANT_CONVERSION = YES;
				CLANG_WARN_DIRECT_OBJC_ISA_USAGE = YES_ERROR;
				CLANG_WARN_EMPTY_BODY = YES;
				CLANG_WARN_ENUM_CONVERSION = YES;
				CLANG_WARN_INT_CONVERSION = YES;
				CLANG_WARN_OBJC_ROOT_CLASS = YES_ERROR;
				CLANG_WARN_UNREACHABLE_CODE = YES;
				CLANG_WARN__DUPLICATE_METHOD_MATCH = YES;
				"CODE_SIGN_IDENTITY[sdk=iphoneos*]" = "iPhone Developer";
				COPY_PHASE_STRIP = NO;
				DEBUG_INFORMATION_FORMAT = dwarf;
				ENABLE_STRICT_OBJC_MSGSEND = YES;
				ENABLE_TESTABILITY = YES;
				GCC_C_LANGUAGE_STANDARD = gnu99;
				GCC_DYNAMIC_NO_PIC = NO;
				GCC_NO_COMMON_BLOCKS = YES;
				GCC_OPTIMIZATION_LEVEL = 0;
				GCC_PREPROCESSOR_DEFINITIONS = (
					"DEBUG=1",
					"$(inherited)",
				);
				GCC_WARN_64_TO_32_BIT_CONVERSION = YES;
				GCC_WARN_ABOUT_RETURN_TYPE = YES_ERROR;
				GCC_WARN_UNDECLARED_SELECTOR = YES;
				GCC_WARN_UNINITIALIZED_AUTOS = YES_AGGRESSIVE;
				GCC_WARN_UNUSED_FUNCTION = YES;
				GCC_WARN_UNUSED_VARIABLE = YES;
				IPHONEOS_DEPLOYMENT_TARGET = 9.0;
				MTL_ENABLE_DEBUG_INFO = YES;
				ONLY_ACTIVE_ARCH = YES;
				SDKROOT = iphoneos;
				SWIFT_OPTIMIZATION_LEVEL = "-Onone";
				TARGETED_DEVICE_FAMILY = "1,2";
			};
			name = Debug;
		};
		850AC3D81C2AE00500DA3469 /* Release */ = {
			isa = XCBuildConfiguration;
			buildSettings = {
				ALWAYS_SEARCH_USER_PATHS = NO;
				CLANG_CXX_LANGUAGE_STANDARD = "gnu++0x";
				CLANG_CXX_LIBRARY = "libc++";
				CLANG_ENABLE_MODULES = YES;
				CLANG_ENABLE_OBJC_ARC = YES;
				CLANG_WARN_BOOL_CONVERSION = YES;
				CLANG_WARN_CONSTANT_CONVERSION = YES;
				CLANG_WARN_DIRECT_OBJC_ISA_USAGE = YES_ERROR;
				CLANG_WARN_EMPTY_BODY = YES;
				CLANG_WARN_ENUM_CONVERSION = YES;
				CLANG_WARN_INT_CONVERSION = YES;
				CLANG_WARN_OBJC_ROOT_CLASS = YES_ERROR;
				CLANG_WARN_UNREACHABLE_CODE = YES;
				CLANG_WARN__DUPLICATE_METHOD_MATCH = YES;
				"CODE_SIGN_IDENTITY[sdk=iphoneos*]" = "iPhone Developer";
				COPY_PHASE_STRIP = NO;
				DEBUG_INFORMATION_FORMAT = "dwarf-with-dsym";
				ENABLE_NS_ASSERTIONS = NO;
				ENABLE_STRICT_OBJC_MSGSEND = YES;
				GCC_C_LANGUAGE_STANDARD = gnu99;
				GCC_NO_COMMON_BLOCKS = YES;
				GCC_WARN_64_TO_32_BIT_CONVERSION = YES;
				GCC_WARN_ABOUT_RETURN_TYPE = YES_ERROR;
				GCC_WARN_UNDECLARED_SELECTOR = YES;
				GCC_WARN_UNINITIALIZED_AUTOS = YES_AGGRESSIVE;
				GCC_WARN_UNUSED_FUNCTION = YES;
				GCC_WARN_UNUSED_VARIABLE = YES;
				IPHONEOS_DEPLOYMENT_TARGET = 9.0;
				MTL_ENABLE_DEBUG_INFO = NO;
				SDKROOT = iphoneos;
				TARGETED_DEVICE_FAMILY = "1,2";
				VALIDATE_PRODUCT = YES;
			};
			name = Release;
		};
		850AC3DA1C2AE00500DA3469 /* Debug */ = {
			isa = XCBuildConfiguration;
			buildSettings = {
				ASSETCATALOG_COMPILER_APPICON_NAME = AppIcon;
				INFOPLIST_FILE = SwiftStudyDaily/Info.plist;
				LD_RUNPATH_SEARCH_PATHS = "$(inherited) @executable_path/Frameworks";
				PRODUCT_BUNDLE_IDENTIFIER = sh.SwiftStudyDaily;
				PRODUCT_NAME = "$(TARGET_NAME)";
			};
			name = Debug;
		};
		850AC3DB1C2AE00500DA3469 /* Release */ = {
			isa = XCBuildConfiguration;
			buildSettings = {
				ASSETCATALOG_COMPILER_APPICON_NAME = AppIcon;
				INFOPLIST_FILE = SwiftStudyDaily/Info.plist;
				LD_RUNPATH_SEARCH_PATHS = "$(inherited) @executable_path/Frameworks";
				PRODUCT_BUNDLE_IDENTIFIER = sh.SwiftStudyDaily;
				PRODUCT_NAME = "$(TARGET_NAME)";
			};
			name = Release;
		};
		850AC3DD1C2AE00500DA3469 /* Debug */ = {
			isa = XCBuildConfiguration;
			buildSettings = {
				BUNDLE_LOADER = "$(TEST_HOST)";
				INFOPLIST_FILE = SwiftStudyDailyTests/Info.plist;
				LD_RUNPATH_SEARCH_PATHS = "$(inherited) @executable_path/Frameworks @loader_path/Frameworks";
				PRODUCT_BUNDLE_IDENTIFIER = sh.SwiftStudyDailyTests;
				PRODUCT_NAME = "$(TARGET_NAME)";
				TEST_HOST = "$(BUILT_PRODUCTS_DIR)/SwiftStudyDaily.app/SwiftStudyDaily";
			};
			name = Debug;
		};
		850AC3DE1C2AE00500DA3469 /* Release */ = {
			isa = XCBuildConfiguration;
			buildSettings = {
				BUNDLE_LOADER = "$(TEST_HOST)";
				INFOPLIST_FILE = SwiftStudyDailyTests/Info.plist;
				LD_RUNPATH_SEARCH_PATHS = "$(inherited) @executable_path/Frameworks @loader_path/Frameworks";
				PRODUCT_BUNDLE_IDENTIFIER = sh.SwiftStudyDailyTests;
				PRODUCT_NAME = "$(TARGET_NAME)";
				TEST_HOST = "$(BUILT_PRODUCTS_DIR)/SwiftStudyDaily.app/SwiftStudyDaily";
			};
			name = Release;
		};
		850AC3E01C2AE00500DA3469 /* Debug */ = {
			isa = XCBuildConfiguration;
			buildSettings = {
				INFOPLIST_FILE = SwiftStudyDailyUITests/Info.plist;
				LD_RUNPATH_SEARCH_PATHS = "$(inherited) @executable_path/Frameworks @loader_path/Frameworks";
				PRODUCT_BUNDLE_IDENTIFIER = sh.SwiftStudyDailyUITests;
				PRODUCT_NAME = "$(TARGET_NAME)";
				TEST_TARGET_NAME = SwiftStudyDaily;
				USES_XCTRUNNER = YES;
			};
			name = Debug;
		};
		850AC3E11C2AE00500DA3469 /* Release */ = {
			isa = XCBuildConfiguration;
			buildSettings = {
				INFOPLIST_FILE = SwiftStudyDailyUITests/Info.plist;
				LD_RUNPATH_SEARCH_PATHS = "$(inherited) @executable_path/Frameworks @loader_path/Frameworks";
				PRODUCT_BUNDLE_IDENTIFIER = sh.SwiftStudyDailyUITests;
				PRODUCT_NAME = "$(TARGET_NAME)";
				TEST_TARGET_NAME = SwiftStudyDaily;
				USES_XCTRUNNER = YES;
			};
			name = Release;
		};
/* End XCBuildConfiguration section */

/* Begin XCConfigurationList section */
		850AC3AC1C2AE00500DA3469 /* Build configuration list for PBXProject "SwiftStudyDaily" */ = {
			isa = XCConfigurationList;
			buildConfigurations = (
				850AC3D71C2AE00500DA3469 /* Debug */,
				850AC3D81C2AE00500DA3469 /* Release */,
			);
			defaultConfigurationIsVisible = 0;
			defaultConfigurationName = Release;
		};
		850AC3D91C2AE00500DA3469 /* Build configuration list for PBXNativeTarget "SwiftStudyDaily" */ = {
			isa = XCConfigurationList;
			buildConfigurations = (
				850AC3DA1C2AE00500DA3469 /* Debug */,
				850AC3DB1C2AE00500DA3469 /* Release */,
			);
			defaultConfigurationIsVisible = 0;
			defaultConfigurationName = Release;
		};
		850AC3DC1C2AE00500DA3469 /* Build configuration list for PBXNativeTarget "SwiftStudyDailyTests" */ = {
			isa = XCConfigurationList;
			buildConfigurations = (
				850AC3DD1C2AE00500DA3469 /* Debug */,
				850AC3DE1C2AE00500DA3469 /* Release */,
			);
			defaultConfigurationIsVisible = 0;
			defaultConfigurationName = Release;
		};
		850AC3DF1C2AE00500DA3469 /* Build configuration list for PBXNativeTarget "SwiftStudyDailyUITests" */ = {
			isa = XCConfigurationList;
			buildConfigurations = (
				850AC3E01C2AE00500DA3469 /* Debug */,
				850AC3E11C2AE00500DA3469 /* Release */,
			);
			defaultConfigurationIsVisible = 0;
			defaultConfigurationName = Release;
		};
/* End XCConfigurationList section */
	};
	rootObject = 850AC3A91C2AE00500DA3469 /* Project object */;
}
